// !$*UTF8*$!
{
	archiveVersion = 1;
	classes = {
	};
	objectVersion = 48;
	objects = {

/* Begin PBXBuildFile section */
		2E6237D71FC16FC400D19E85 /* AppDelegate.swift in Sources */ = {isa = PBXBuildFile; fileRef = 2E6237D61FC16FC400D19E85 /* AppDelegate.swift */; };
		2E6237D91FC16FC400D19E85 /* ViewController.swift in Sources */ = {isa = PBXBuildFile; fileRef = 2E6237D81FC16FC400D19E85 /* ViewController.swift */; };
		2E6237DC1FC16FC400D19E85 /* Main.storyboard in Resources */ = {isa = PBXBuildFile; fileRef = 2E6237DA1FC16FC400D19E85 /* Main.storyboard */; };
		2E6237DE1FC16FC400D19E85 /* Assets.xcassets in Resources */ = {isa = PBXBuildFile; fileRef = 2E6237DD1FC16FC400D19E85 /* Assets.xcassets */; };
		2E6237E11FC16FC400D19E85 /* LaunchScreen.storyboard in Resources */ = {isa = PBXBuildFile; fileRef = 2E6237DF1FC16FC400D19E85 /* LaunchScreen.storyboard */; };
		2E6237EC1FC16FC500D19E85 /* DataStorageTests.swift in Sources */ = {isa = PBXBuildFile; fileRef = 2E6237EB1FC16FC500D19E85 /* DataStorageTests.swift */; };
		2E6237F71FC16FC500D19E85 /* DataStorageUITests.swift in Sources */ = {isa = PBXBuildFile; fileRef = 2E6237F61FC16FC500D19E85 /* DataStorageUITests.swift */; };
/* End PBXBuildFile section */

/* Begin PBXContainerItemProxy section */
		2E6237E81FC16FC500D19E85 /* PBXContainerItemProxy */ = {
			isa = PBXContainerItemProxy;
			containerPortal = 2E6237CB1FC16FC400D19E85 /* Project object */;
			proxyType = 1;
			remoteGlobalIDString = 2E6237D21FC16FC400D19E85;
			remoteInfo = DataStorage;
		};
		2E6237F31FC16FC500D19E85 /* PBXContainerItemProxy */ = {
			isa = PBXContainerItemProxy;
			containerPortal = 2E6237CB1FC16FC400D19E85 /* Project object */;
			proxyType = 1;
			remoteGlobalIDString = 2E6237D21FC16FC400D19E85;
			remoteInfo = DataStorage;
		};
/* End PBXContainerItemProxy section */

/* Begin PBXFileReference section */
		2E6237D31FC16FC400D19E85 /* DataStorage.app */ = {isa = PBXFileReference; explicitFileType = wrapper.application; includeInIndex = 0; path = DataStorage.app; sourceTree = BUILT_PRODUCTS_DIR; };
		2E6237D61FC16FC400D19E85 /* AppDelegate.swift */ = {isa = PBXFileReference; lastKnownFileType = sourcecode.swift; path = AppDelegate.swift; sourceTree = "<group>"; };
		2E6237D81FC16FC400D19E85 /* ViewController.swift */ = {isa = PBXFileReference; lastKnownFileType = sourcecode.swift; path = ViewController.swift; sourceTree = "<group>"; };
		2E6237DB1FC16FC400D19E85 /* Base */ = {isa = PBXFileReference; lastKnownFileType = file.storyboard; name = Base; path = Base.lproj/Main.storyboard; sourceTree = "<group>"; };
		2E6237DD1FC16FC400D19E85 /* Assets.xcassets */ = {isa = PBXFileReference; lastKnownFileType = folder.assetcatalog; path = Assets.xcassets; sourceTree = "<group>"; };
		2E6237E01FC16FC400D19E85 /* Base */ = {isa = PBXFileReference; lastKnownFileType = file.storyboard; name = Base; path = Base.lproj/LaunchScreen.storyboard; sourceTree = "<group>"; };
		2E6237E21FC16FC400D19E85 /* Info.plist */ = {isa = PBXFileReference; lastKnownFileType = text.plist.xml; path = Info.plist; sourceTree = "<group>"; };
		2E6237E71FC16FC400D19E85 /* DataStorageTests.xctest */ = {isa = PBXFileReference; explicitFileType = wrapper.cfbundle; includeInIndex = 0; path = DataStorageTests.xctest; sourceTree = BUILT_PRODUCTS_DIR; };
		2E6237EB1FC16FC500D19E85 /* DataStorageTests.swift */ = {isa = PBXFileReference; lastKnownFileType = sourcecode.swift; path = DataStorageTests.swift; sourceTree = "<group>"; };
		2E6237ED1FC16FC500D19E85 /* Info.plist */ = {isa = PBXFileReference; lastKnownFileType = text.plist.xml; path = Info.plist; sourceTree = "<group>"; };
		2E6237F21FC16FC500D19E85 /* DataStorageUITests.xctest */ = {isa = PBXFileReference; explicitFileType = wrapper.cfbundle; includeInIndex = 0; path = DataStorageUITests.xctest; sourceTree = BUILT_PRODUCTS_DIR; };
		2E6237F61FC16FC500D19E85 /* DataStorageUITests.swift */ = {isa = PBXFileReference; lastKnownFileType = sourcecode.swift; path = DataStorageUITests.swift; sourceTree = "<group>"; };
		2E6237F81FC16FC500D19E85 /* Info.plist */ = {isa = PBXFileReference; lastKnownFileType = text.plist.xml; path = Info.plist; sourceTree = "<group>"; };
/* End PBXFileReference section */

/* Begin PBXFrameworksBuildPhase section */
		2E6237D01FC16FC400D19E85 /* Frameworks */ = {
			isa = PBXFrameworksBuildPhase;
			buildActionMask = 2147483647;
			files = (
			);
			runOnlyForDeploymentPostprocessing = 0;
		};
		2E6237E41FC16FC400D19E85 /* Frameworks */ = {
			isa = PBXFrameworksBuildPhase;
			buildActionMask = 2147483647;
			files = (
			);
			runOnlyForDeploymentPostprocessing = 0;
		};
		2E6237EF1FC16FC500D19E85 /* Frameworks */ = {
			isa = PBXFrameworksBuildPhase;
			buildActionMask = 2147483647;
			files = (
			);
			runOnlyForDeploymentPostprocessing = 0;
		};
/* End PBXFrameworksBuildPhase section */

/* Begin PBXGroup section */
		2E6237CA1FC16FC400D19E85 = {
			isa = PBXGroup;
			children = (
				2E6237D51FC16FC400D19E85 /* DataStorage */,
				2E6237EA1FC16FC500D19E85 /* DataStorageTests */,
				2E6237F51FC16FC500D19E85 /* DataStorageUITests */,
				2E6237D41FC16FC400D19E85 /* Products */,
			);
			sourceTree = "<group>";
		};
		2E6237D41FC16FC400D19E85 /* Products */ = {
			isa = PBXGroup;
			children = (
				2E6237D31FC16FC400D19E85 /* DataStorage.app */,
				2E6237E71FC16FC400D19E85 /* DataStorageTests.xctest */,
				2E6237F21FC16FC500D19E85 /* DataStorageUITests.xctest */,
			);
			name = Products;
			sourceTree = "<group>";
		};
		2E6237D51FC16FC400D19E85 /* DataStorage */ = {
			isa = PBXGroup;
			children = (
				2E6237D61FC16FC400D19E85 /* AppDelegate.swift */,
				2E6237D81FC16FC400D19E85 /* ViewController.swift */,
				2E6237DA1FC16FC400D19E85 /* Main.storyboard */,
				2E6237DD1FC16FC400D19E85 /* Assets.xcassets */,
				2E6237DF1FC16FC400D19E85 /* LaunchScreen.storyboard */,
				2E6237E21FC16FC400D19E85 /* Info.plist */,
			);
			path = DataStorage;
			sourceTree = "<group>";
		};
		2E6237EA1FC16FC500D19E85 /* DataStorageTests */ = {
			isa = PBXGroup;
			children = (
				2E6237EB1FC16FC500D19E85 /* DataStorageTests.swift */,
				2E6237ED1FC16FC500D19E85 /* Info.plist */,
			);
			path = DataStorageTests;
			sourceTree = "<group>";
		};
		2E6237F51FC16FC500D19E85 /* DataStorageUITests */ = {
			isa = PBXGroup;
			children = (
				2E6237F61FC16FC500D19E85 /* DataStorageUITests.swift */,
				2E6237F81FC16FC500D19E85 /* Info.plist */,
			);
			path = DataStorageUITests;
			sourceTree = "<group>";
		};
/* End PBXGroup section */

/* Begin PBXNativeTarget section */
		2E6237D21FC16FC400D19E85 /* DataStorage */ = {
			isa = PBXNativeTarget;
			buildConfigurationList = 2E6237FB1FC16FC500D19E85 /* Build configuration list for PBXNativeTarget "DataStorage" */;
			buildPhases = (
				2E6237CF1FC16FC400D19E85 /* Sources */,
				2E6237D01FC16FC400D19E85 /* Frameworks */,
				2E6237D11FC16FC400D19E85 /* Resources */,
			);
			buildRules = (
			);
			dependencies = (
			);
			name = DataStorage;
			productName = DataStorage;
			productReference = 2E6237D31FC16FC400D19E85 /* DataStorage.app */;
			productType = "com.apple.product-type.application";
		};
		2E6237E61FC16FC400D19E85 /* DataStorageTests */ = {
			isa = PBXNativeTarget;
			buildConfigurationList = 2E6237FE1FC16FC500D19E85 /* Build configuration list for PBXNativeTarget "DataStorageTests" */;
			buildPhases = (
				2E6237E31FC16FC400D19E85 /* Sources */,
				2E6237E41FC16FC400D19E85 /* Frameworks */,
				2E6237E51FC16FC400D19E85 /* Resources */,
			);
			buildRules = (
			);
			dependencies = (
				2E6237E91FC16FC500D19E85 /* PBXTargetDependency */,
			);
			name = DataStorageTests;
			productName = DataStorageTests;
			productReference = 2E6237E71FC16FC400D19E85 /* DataStorageTests.xctest */;
			productType = "com.apple.product-type.bundle.unit-test";
		};
		2E6237F11FC16FC500D19E85 /* DataStorageUITests */ = {
			isa = PBXNativeTarget;
			buildConfigurationList = 2E6238011FC16FC500D19E85 /* Build configuration list for PBXNativeTarget "DataStorageUITests" */;
			buildPhases = (
				2E6237EE1FC16FC500D19E85 /* Sources */,
				2E6237EF1FC16FC500D19E85 /* Frameworks */,
				2E6237F01FC16FC500D19E85 /* Resources */,
			);
			buildRules = (
			);
			dependencies = (
				2E6237F41FC16FC500D19E85 /* PBXTargetDependency */,
			);
			name = DataStorageUITests;
			productName = DataStorageUITests;
			productReference = 2E6237F21FC16FC500D19E85 /* DataStorageUITests.xctest */;
			productType = "com.apple.product-type.bundle.ui-testing";
		};
/* End PBXNativeTarget section */

/* Begin PBXProject section */
		2E6237CB1FC16FC400D19E85 /* Project object */ = {
			isa = PBXProject;
			attributes = {
				LastSwiftUpdateCheck = 0910;
				LastUpgradeCheck = 0910;
				ORGANIZATIONNAME = "Divya Kuladeep";
				TargetAttributes = {
					2E6237D21FC16FC400D19E85 = {
						CreatedOnToolsVersion = 9.1;
						ProvisioningStyle = Automatic;
					};
					2E6237E61FC16FC400D19E85 = {
						CreatedOnToolsVersion = 9.1;
						ProvisioningStyle = Automatic;
						TestTargetID = 2E6237D21FC16FC400D19E85;
					};
					2E6237F11FC16FC500D19E85 = {
						CreatedOnToolsVersion = 9.1;
						ProvisioningStyle = Automatic;
						TestTargetID = 2E6237D21FC16FC400D19E85;
					};
				};
			};
			buildConfigurationList = 2E6237CE1FC16FC400D19E85 /* Build configuration list for PBXProject "DataStorage" */;
			compatibilityVersion = "Xcode 8.0";
			developmentRegion = en;
			hasScannedForEncodings = 0;
			knownRegions = (
				en,
				Base,
			);
			mainGroup = 2E6237CA1FC16FC400D19E85;
			productRefGroup = 2E6237D41FC16FC400D19E85 /* Products */;
			projectDirPath = "";
			projectRoot = "";
			targets = (
				2E6237D21FC16FC400D19E85 /* DataStorage */,
				2E6237E61FC16FC400D19E85 /* DataStorageTests */,
				2E6237F11FC16FC500D19E85 /* DataStorageUITests */,
			);
		};
/* End PBXProject section */

/* Begin PBXResourcesBuildPhase section */
		2E6237D11FC16FC400D19E85 /* Resources */ = {
			isa = PBXResourcesBuildPhase;
			buildActionMask = 2147483647;
			files = (
				2E6237E11FC16FC400D19E85 /* LaunchScreen.storyboard in Resources */,
				2E6237DE1FC16FC400D19E85 /* Assets.xcassets in Resources */,
				2E6237DC1FC16FC400D19E85 /* Main.storyboard in Resources */,
			);
			runOnlyForDeploymentPostprocessing = 0;
		};
		2E6237E51FC16FC400D19E85 /* Resources */ = {
			isa = PBXResourcesBuildPhase;
			buildActionMask = 2147483647;
			files = (
			);
			runOnlyForDeploymentPostprocessing = 0;
		};
		2E6237F01FC16FC500D19E85 /* Resources */ = {
			isa = PBXResourcesBuildPhase;
			buildActionMask = 2147483647;
			files = (
			);
			runOnlyForDeploymentPostprocessing = 0;
		};
/* End PBXResourcesBuildPhase section */

/* Begin PBXSourcesBuildPhase section */
		2E6237CF1FC16FC400D19E85 /* Sources */ = {
			isa = PBXSourcesBuildPhase;
			buildActionMask = 2147483647;
			files = (
				2E6237D91FC16FC400D19E85 /* ViewController.swift in Sources */,
				2E6237D71FC16FC400D19E85 /* AppDelegate.swift in Sources */,
			);
			runOnlyForDeploymentPostprocessing = 0;
		};
		2E6237E31FC16FC400D19E85 /* Sources */ = {
			isa = PBXSourcesBuildPhase;
			buildActionMask = 2147483647;
			files = (
				2E6237EC1FC16FC500D19E85 /* DataStorageTests.swift in Sources */,
			);
			runOnlyForDeploymentPostprocessing = 0;
		};
		2E6237EE1FC16FC500D19E85 /* Sources */ = {
			isa = PBXSourcesBuildPhase;
			buildActionMask = 2147483647;
			files = (
				2E6237F71FC16FC500D19E85 /* DataStorageUITests.swift in Sources */,
			);
			runOnlyForDeploymentPostprocessing = 0;
		};
/* End PBXSourcesBuildPhase section */

/* Begin PBXTargetDependency section */
		2E6237E91FC16FC500D19E85 /* PBXTargetDependency */ = {
			isa = PBXTargetDependency;
			target = 2E6237D21FC16FC400D19E85 /* DataStorage */;
			targetProxy = 2E6237E81FC16FC500D19E85 /* PBXContainerItemProxy */;
		};
		2E6237F41FC16FC500D19E85 /* PBXTargetDependency */ = {
			isa = PBXTargetDependency;
			target = 2E6237D21FC16FC400D19E85 /* DataStorage */;
			targetProxy = 2E6237F31FC16FC500D19E85 /* PBXContainerItemProxy */;
		};
/* End PBXTargetDependency section */

/* Begin PBXVariantGroup section */
		2E6237DA1FC16FC400D19E85 /* Main.storyboard */ = {
			isa = PBXVariantGroup;
			children = (
				2E6237DB1FC16FC400D19E85 /* Base */,
			);
			name = Main.storyboard;
			sourceTree = "<group>";
		};
		2E6237DF1FC16FC400D19E85 /* LaunchScreen.storyboard */ = {
			isa = PBXVariantGroup;
			children = (
				2E6237E01FC16FC400D19E85 /* Base */,
			);
			name = LaunchScreen.storyboard;
			sourceTree = "<group>";
		};
/* End PBXVariantGroup section */

/* Begin XCBuildConfiguration section */
		2E6237F91FC16FC500D19E85 /* Debug */ = {
			isa = XCBuildConfiguration;
			buildSettings = {
				ALWAYS_SEARCH_USER_PATHS = NO;
				CLANG_ANALYZER_NONNULL = YES;
				CLANG_ANALYZER_NUMBER_OBJECT_CONVERSION = YES_AGGRESSIVE;
				CLANG_CXX_LANGUAGE_STANDARD = "gnu++14";
				CLANG_CXX_LIBRARY = "libc++";
				CLANG_ENABLE_MODULES = YES;
				CLANG_ENABLE_OBJC_ARC = YES;
				CLANG_WARN_BLOCK_CAPTURE_AUTORELEASING = YES;
				CLANG_WARN_BOOL_CONVERSION = YES;
				CLANG_WARN_COMMA = YES;
				CLANG_WARN_CONSTANT_CONVERSION = YES;
				CLANG_WARN_DIRECT_OBJC_ISA_USAGE = YES_ERROR;
				CLANG_WARN_DOCUMENTATION_COMMENTS = YES;
				CLANG_WARN_EMPTY_BODY = YES;
				CLANG_WARN_ENUM_CONVERSION = YES;
				CLANG_WARN_INFINITE_RECURSION = YES;
				CLANG_WARN_INT_CONVERSION = YES;
				CLANG_WARN_NON_LITERAL_NULL_CONVERSION = YES;
				CLANG_WARN_OBJC_LITERAL_CONVERSION = YES;
				CLANG_WARN_OBJC_ROOT_CLASS = YES_ERROR;
				CLANG_WARN_RANGE_LOOP_ANALYSIS = YES;
				CLANG_WARN_STRICT_PROTOTYPES = YES;
				CLANG_WARN_SUSPICIOUS_MOVE = YES;
				CLANG_WARN_UNGUARDED_AVAILABILITY = YES_AGGRESSIVE;
				CLANG_WARN_UNREACHABLE_CODE = YES;
				CLANG_WARN__DUPLICATE_METHOD_MATCH = YES;
				CODE_SIGN_IDENTITY = "iPhone Developer";
				COPY_PHASE_STRIP = NO;
				DEBUG_INFORMATION_FORMAT = dwarf;
				ENABLE_STRICT_OBJC_MSGSEND = YES;
				ENABLE_TESTABILITY = YES;
				GCC_C_LANGUAGE_STANDARD = gnu11;
				GCC_DYNAMIC_NO_PIC = NO;
				GCC_NO_COMMON_BLOCKS = YES;
				GCC_OPTIMIZATION_LEVEL = 0;
				GCC_PREPROCESSOR_DEFINITIONS = (
					"DEBUG=1",
					"$(inherited)",
				);
				GCC_WARN_64_TO_32_BIT_CONVERSION = YES;
				GCC_WARN_ABOUT_RETURN_TYPE = YES_ERROR;
				GCC_WARN_UNDECLARED_SELECTOR = YES;
				GCC_WARN_UNINITIALIZED_AUTOS = YES_AGGRESSIVE;
				GCC_WARN_UNUSED_FUNCTION = YES;
				GCC_WARN_UNUSED_VARIABLE = YES;
				IPHONEOS_DEPLOYMENT_TARGET = 11.1;
				MTL_ENABLE_DEBUG_INFO = YES;
				ONLY_ACTIVE_ARCH = YES;
				SDKROOT = iphoneos;
				SWIFT_ACTIVE_COMPILATION_CONDITIONS = DEBUG;
				SWIFT_OPTIMIZATION_LEVEL = "-Onone";
			};
			name = Debug;
		};
		2E6237FA1FC16FC500D19E85 /* Release */ = {
			isa = XCBuildConfiguration;
			buildSettings = {
				ALWAYS_SEARCH_USER_PATHS = NO;
				CLANG_ANALYZER_NONNULL = YES;
				CLANG_ANALYZER_NUMBER_OBJECT_CONVERSION = YES_AGGRESSIVE;
				CLANG_CXX_LANGUAGE_STANDARD = "gnu++14";
				CLANG_CXX_LIBRARY = "libc++";
				CLANG_ENABLE_MODULES = YES;
				CLANG_ENABLE_OBJC_ARC = YES;
				CLANG_WARN_BLOCK_CAPTURE_AUTORELEASING = YES;
				CLANG_WARN_BOOL_CONVERSION = YES;
				CLANG_WARN_COMMA = YES;
				CLANG_WARN_CONSTANT_CONVERSION = YES;
				CLANG_WARN_DIRECT_OBJC_ISA_USAGE = YES_ERROR;
				CLANG_WARN_DOCUMENTATION_COMMENTS = YES;
				CLANG_WARN_EMPTY_BODY = YES;
				CLANG_WARN_ENUM_CONVERSION = YES;
				CLANG_WARN_INFINITE_RECURSION = YES;
				CLANG_WARN_INT_CONVERSION = YES;
				CLANG_WARN_NON_LITERAL_NULL_CONVERSION = YES;
				CLANG_WARN_OBJC_LITERAL_CONVERSION = YES;
				CLANG_WARN_OBJC_ROOT_CLASS = YES_ERROR;
				CLANG_WARN_RANGE_LOOP_ANALYSIS = YES;
				CLANG_WARN_STRICT_PROTOTYPES = YES;
				CLANG_WARN_SUSPICIOUS_MOVE = YES;
				CLANG_WARN_UNGUARDED_AVAILABILITY = YES_AGGRESSIVE;
				CLANG_WARN_UNREACHABLE_CODE = YES;
				CLANG_WARN__DUPLICATE_METHOD_MATCH = YES;
				CODE_SIGN_IDENTITY = "iPhone Developer";
				COPY_PHASE_STRIP = NO;
				DEBUG_INFORMATION_FORMAT = "dwarf-with-dsym";
				ENABLE_NS_ASSERTIONS = NO;
				ENABLE_STRICT_OBJC_MSGSEND = YES;
				GCC_C_LANGUAGE_STANDARD = gnu11;
				GCC_NO_COMMON_BLOCKS = YES;
				GCC_WARN_64_TO_32_BIT_CONVERSION = YES;
				GCC_WARN_ABOUT_RETURN_TYPE = YES_ERROR;
				GCC_WARN_UNDECLARED_SELECTOR = YES;
				GCC_WARN_UNINITIALIZED_AUTOS = YES_AGGRESSIVE;
				GCC_WARN_UNUSED_FUNCTION = YES;
				GCC_WARN_UNUSED_VARIABLE = YES;
				IPHONEOS_DEPLOYMENT_TARGET = 11.1;
				MTL_ENABLE_DEBUG_INFO = NO;
				SDKROOT = iphoneos;
				SWIFT_OPTIMIZATION_LEVEL = "-Owholemodule";
				VALIDATE_PRODUCT = YES;
			};
			name = Release;
		};
		2E6237FC1FC16FC500D19E85 /* Debug */ = {
			isa = XCBuildConfiguration;
			buildSettings = {
				ASSETCATALOG_COMPILER_APPICON_NAME = AppIcon;
				CODE_SIGN_STYLE = Automatic;
				DEVELOPMENT_TEAM = WWW3MKV2A2;
				INFOPLIST_FILE = DataStorage/Info.plist;
				LD_RUNPATH_SEARCH_PATHS = "$(inherited) @executable_path/Frameworks";
				PRODUCT_BUNDLE_IDENTIFIER = com.havok.aravi.DataStorage;
				PRODUCT_NAME = "$(TARGET_NAME)";
				SWIFT_VERSION = 4.0;
				TARGETED_DEVICE_FAMILY = "1,2";
			};
			name = Debug;
		};
		2E6237FD1FC16FC500D19E85 /* Release */ = {
			isa = XCBuildConfiguration;
			buildSettings = {
				ASSETCATALOG_COMPILER_APPICON_NAME = AppIcon;
				CODE_SIGN_STYLE = Automatic;
				DEVELOPMENT_TEAM = WWW3MKV2A2;
				INFOPLIST_FILE = DataStorage/Info.plist;
				LD_RUNPATH_SEARCH_PATHS = "$(inherited) @executable_path/Frameworks";
				PRODUCT_BUNDLE_IDENTIFIER = com.havok.aravi.DataStorage;
				PRODUCT_NAME = "$(TARGET_NAME)";
				SWIFT_VERSION = 4.0;
				TARGETED_DEVICE_FAMILY = "1,2";
			};
			name = Release;
		};
		2E6237FF1FC16FC500D19E85 /* Debug */ = {
			isa = XCBuildConfiguration;
			buildSettings = {
				ALWAYS_EMBED_SWIFT_STANDARD_LIBRARIES = YES;
				BUNDLE_LOADER = "$(TEST_HOST)";
				CODE_SIGN_STYLE = Automatic;
				INFOPLIST_FILE = DataStorageTests/Info.plist;
				LD_RUNPATH_SEARCH_PATHS = "$(inherited) @executable_path/Frameworks @loader_path/Frameworks";
				PRODUCT_BUNDLE_IDENTIFIER = com.havok.aravi.DataStorageTests;
				PRODUCT_NAME = "$(TARGET_NAME)";
				SWIFT_VERSION = 4.0;
				TARGETED_DEVICE_FAMILY = "1,2";
				TEST_HOST = "$(BUILT_PRODUCTS_DIR)/DataStorage.app/DataStorage";
			};
			name = Debug;
		};
		2E6238001FC16FC500D19E85 /* Release */ = {
			isa = XCBuildConfiguration;
			buildSettings = {
				ALWAYS_EMBED_SWIFT_STANDARD_LIBRARIES = YES;
				BUNDLE_LOADER = "$(TEST_HOST)";
				CODE_SIGN_STYLE = Automatic;
				INFOPLIST_FILE = DataStorageTests/Info.plist;
				LD_RUNPATH_SEARCH_PATHS = "$(inherited) @executable_path/Frameworks @loader_path/Frameworks";
				PRODUCT_BUNDLE_IDENTIFIER = com.havok.aravi.DataStorageTests;
				PRODUCT_NAME = "$(TARGET_NAME)";
				SWIFT_VERSION = 4.0;
				TARGETED_DEVICE_FAMILY = "1,2";
				TEST_HOST = "$(BUILT_PRODUCTS_DIR)/DataStorage.app/DataStorage";
			};
			name = Release;
		};
		2E6238021FC16FC500D19E85 /* Debug */ = {
			isa = XCBuildConfiguration;
			buildSettings = {
				ALWAYS_EMBED_SWIFT_STANDARD_LIBRARIES = YES;
				CODE_SIGN_STYLE = Automatic;
				INFOPLIST_FILE = DataStorageUITests/Info.plist;
				LD_RUNPATH_SEARCH_PATHS = "$(inherited) @executable_path/Frameworks @loader_path/Frameworks";
				PRODUCT_BUNDLE_IDENTIFIER = com.havok.aravi.DataStorageUITests;
				PRODUCT_NAME = "$(TARGET_NAME)";
				SWIFT_VERSION = 4.0;
				TARGETED_DEVICE_FAMILY = "1,2";
				TEST_TARGET_NAME = DataStorage;
			};
			name = Debug;
		};
		2E6238031FC16FC500D19E85 /* Release */ = {
			isa = XCBuildConfiguration;
			buildSettings = {
				ALWAYS_EMBED_SWIFT_STANDARD_LIBRARIES = YES;
				CODE_SIGN_STYLE = Automatic;
				INFOPLIST_FILE = DataStorageUITests/Info.plist;
				LD_RUNPATH_SEARCH_PATHS = "$(inherited) @executable_path/Frameworks @loader_path/Frameworks";
				PRODUCT_BUNDLE_IDENTIFIER = com.havok.aravi.DataStorageUITests;
				PRODUCT_NAME = "$(TARGET_NAME)";
				SWIFT_VERSION = 4.0;
				TARGETED_DEVICE_FAMILY = "1,2";
				TEST_TARGET_NAME = DataStorage;
			};
			name = Release;
		};
/* End XCBuildConfiguration section */

/* Begin XCConfigurationList section */
		2E6237CE1FC16FC400D19E85 /* Build configuration list for PBXProject "DataStorage" */ = {
			isa = XCConfigurationList;
			buildConfigurations = (
				2E6237F91FC16FC500D19E85 /* Debug */,
				2E6237FA1FC16FC500D19E85 /* Release */,
			);
			defaultConfigurationIsVisible = 0;
			defaultConfigurationName = Release;
		};
		2E6237FB1FC16FC500D19E85 /* Build configuration list for PBXNativeTarget "DataStorage" */ = {
			isa = XCConfigurationList;
			buildConfigurations = (
				2E6237FC1FC16FC500D19E85 /* Debug */,
				2E6237FD1FC16FC500D19E85 /* Release */,
			);
			defaultConfigurationIsVisible = 0;
			defaultConfigurationName = Release;
		};
		2E6237FE1FC16FC500D19E85 /* Build configuration list for PBXNativeTarget "DataStorageTests" */ = {
			isa = XCConfigurationList;
			buildConfigurations = (
				2E6237FF1FC16FC500D19E85 /* Debug */,
				2E6238001FC16FC500D19E85 /* Release */,
			);
			defaultConfigurationIsVisible = 0;
			defaultConfigurationName = Release;
		};
		2E6238011FC16FC500D19E85 /* Build configuration list for PBXNativeTarget "DataStorageUITests" */ = {
			isa = XCConfigurationList;
			buildConfigurations = (
				2E6238021FC16FC500D19E85 /* Debug */,
				2E6238031FC16FC500D19E85 /* Release */,
			);
			defaultConfigurationIsVisible = 0;
			defaultConfigurationName = Release;
		};
/* End XCConfigurationList section */
	};
	rootObject = 2E6237CB1FC16FC400D19E85 /* Project object */;
}
